
Microsoft Visual Studio Solution File, Format Version 12.00
# Visual Studio Version 17
VisualStudioVersion = 17.0.31423.177
MinimumVisualStudioVersion = 10.0.40219.1
Project("{8BC9CEB8-8B4A-11D0-8D11-00A0C91BC942}") = "1.7", "1.7.vcxproj", "{20B00BC0-0CB0-41B9-BF84-63413D180209}"
EndProject
Global
	GlobalSection(SolutionConfigurationPlatforms) = preSolution
		Debug|x64 = Debug|x64
		Debug|x86 = Debug|x86
		Release|x64 = Release|x64
		Release|x86 = Release|x86
	EndGlobalSection
	GlobalSection(ProjectConfigurationPlatforms) = postSolution
		{20B00BC0-0CB0-41B9-BF84-63413D180209}.Debug|x64.ActiveCfg = Debug|x64
		{20B00BC0-0CB0-41B9-BF84-63413D180209}.Debug|x64.Build.0 = Debug|x64
		{20B00BC0-0CB0-41B9-BF84-63413D180209}.Debug|x86.ActiveCfg = Debug|Win32
		{20B00BC0-0CB0-41B9-BF84-63413D180209}.Debug|x86.Build.0 = Debug|Win32
		{20B00BC0-0CB0-41B9-BF84-63413D180209}.Release|x64.ActiveCfg = Release|x64
		{20B00BC0-0CB0-41B9-BF84-63413D180209}.Release|x64.Build.0 = Release|x64
		{20B00BC0-0CB0-41B9-BF84-63413D180209}.Release|x86.ActiveCfg = Release|Win32
		{20B00BC0-0CB0-41B9-BF84-63413D180209}.Release|x86.Build.0 = Release|Win32
	EndGlobalSection
	GlobalSection(SolutionProperties) = preSolution
		HideSolutionNode = FALSE
	EndGlobalSection
	GlobalSection(ExtensibilityGlobals) = postSolution
		SolutionGuid = {C805E8EF-81FD-4FFD-BA78-B357106E924C}
	EndGlobalSection
EndGlobal
