
Microsoft Visual Studio Solution File, Format Version 12.00
# Visual Studio Version 17
VisualStudioVersion = 17.0.31423.177
MinimumVisualStudioVersion = 10.0.40219.1
Project("{8BC9CEB8-8B4A-11D0-8D11-00A0C91BC942}") = "5.3", "5.3.vcxproj", "{00856A07-9767-4694-A08F-61BE63D6F9BA}"
EndProject
Global
	GlobalSection(SolutionConfigurationPlatforms) = preSolution
		Debug|x64 = Debug|x64
		Debug|x86 = Debug|x86
		Release|x64 = Release|x64
		Release|x86 = Release|x86
	EndGlobalSection
	GlobalSection(ProjectConfigurationPlatforms) = postSolution
		{00856A07-9767-4694-A08F-61BE63D6F9BA}.Debug|x64.ActiveCfg = Debug|x64
		{00856A07-9767-4694-A08F-61BE63D6F9BA}.Debug|x64.Build.0 = Debug|x64
		{00856A07-9767-4694-A08F-61BE63D6F9BA}.Debug|x86.ActiveCfg = Debug|Win32
		{00856A07-9767-4694-A08F-61BE63D6F9BA}.Debug|x86.Build.0 = Debug|Win32
		{00856A07-9767-4694-A08F-61BE63D6F9BA}.Release|x64.ActiveCfg = Release|x64
		{00856A07-9767-4694-A08F-61BE63D6F9BA}.Release|x64.Build.0 = Release|x64
		{00856A07-9767-4694-A08F-61BE63D6F9BA}.Release|x86.ActiveCfg = Release|Win32
		{00856A07-9767-4694-A08F-61BE63D6F9BA}.Release|x86.Build.0 = Release|Win32
	EndGlobalSection
	GlobalSection(SolutionProperties) = preSolution
		HideSolutionNode = FALSE
	EndGlobalSection
	GlobalSection(ExtensibilityGlobals) = postSolution
		SolutionGuid = {4015549D-2E19-448B-9CC1-7510ACBF009D}
	EndGlobalSection
EndGlobal
