
Microsoft Visual Studio Solution File, Format Version 12.00
# Visual Studio Version 17
VisualStudioVersion = 17.0.31423.177
MinimumVisualStudioVersion = 10.0.40219.1
Project("{8BC9CEB8-8B4A-11D0-8D11-00A0C91BC942}") = "4.7", "4.7.vcxproj", "{EDD0215C-ED80-4956-972D-B3A0C11392CC}"
EndProject
Global
	GlobalSection(SolutionConfigurationPlatforms) = preSolution
		Debug|x64 = Debug|x64
		Debug|x86 = Debug|x86
		Release|x64 = Release|x64
		Release|x86 = Release|x86
	EndGlobalSection
	GlobalSection(ProjectConfigurationPlatforms) = postSolution
		{EDD0215C-ED80-4956-972D-B3A0C11392CC}.Debug|x64.ActiveCfg = Debug|x64
		{EDD0215C-ED80-4956-972D-B3A0C11392CC}.Debug|x64.Build.0 = Debug|x64
		{EDD0215C-ED80-4956-972D-B3A0C11392CC}.Debug|x86.ActiveCfg = Debug|Win32
		{EDD0215C-ED80-4956-972D-B3A0C11392CC}.Debug|x86.Build.0 = Debug|Win32
		{EDD0215C-ED80-4956-972D-B3A0C11392CC}.Release|x64.ActiveCfg = Release|x64
		{EDD0215C-ED80-4956-972D-B3A0C11392CC}.Release|x64.Build.0 = Release|x64
		{EDD0215C-ED80-4956-972D-B3A0C11392CC}.Release|x86.ActiveCfg = Release|Win32
		{EDD0215C-ED80-4956-972D-B3A0C11392CC}.Release|x86.Build.0 = Release|Win32
	EndGlobalSection
	GlobalSection(SolutionProperties) = preSolution
		HideSolutionNode = FALSE
	EndGlobalSection
	GlobalSection(ExtensibilityGlobals) = postSolution
		SolutionGuid = {72EA64BD-3487-40E8-8D1D-91237D1171BB}
	EndGlobalSection
EndGlobal
