
Microsoft Visual Studio Solution File, Format Version 12.00
# Visual Studio Version 17
VisualStudioVersion = 17.0.31423.177
MinimumVisualStudioVersion = 10.0.40219.1
Project("{8BC9CEB8-8B4A-11D0-8D11-00A0C91BC942}") = "6.9", "6.9.vcxproj", "{D5633442-9964-4CDC-B37A-66701C1639FD}"
EndProject
Global
	GlobalSection(SolutionConfigurationPlatforms) = preSolution
		Debug|x64 = Debug|x64
		Debug|x86 = Debug|x86
		Release|x64 = Release|x64
		Release|x86 = Release|x86
	EndGlobalSection
	GlobalSection(ProjectConfigurationPlatforms) = postSolution
		{D5633442-9964-4CDC-B37A-66701C1639FD}.Debug|x64.ActiveCfg = Debug|x64
		{D5633442-9964-4CDC-B37A-66701C1639FD}.Debug|x64.Build.0 = Debug|x64
		{D5633442-9964-4CDC-B37A-66701C1639FD}.Debug|x86.ActiveCfg = Debug|Win32
		{D5633442-9964-4CDC-B37A-66701C1639FD}.Debug|x86.Build.0 = Debug|Win32
		{D5633442-9964-4CDC-B37A-66701C1639FD}.Release|x64.ActiveCfg = Release|x64
		{D5633442-9964-4CDC-B37A-66701C1639FD}.Release|x64.Build.0 = Release|x64
		{D5633442-9964-4CDC-B37A-66701C1639FD}.Release|x86.ActiveCfg = Release|Win32
		{D5633442-9964-4CDC-B37A-66701C1639FD}.Release|x86.Build.0 = Release|Win32
	EndGlobalSection
	GlobalSection(SolutionProperties) = preSolution
		HideSolutionNode = FALSE
	EndGlobalSection
	GlobalSection(ExtensibilityGlobals) = postSolution
		SolutionGuid = {9EF8CD31-8E1B-4FB7-B30D-ECB7B7EAD8FE}
	EndGlobalSection
EndGlobal
