
Microsoft Visual Studio Solution File, Format Version 12.00
# Visual Studio Version 17
VisualStudioVersion = 17.0.31423.177
MinimumVisualStudioVersion = 10.0.40219.1
Project("{8BC9CEB8-8B4A-11D0-8D11-00A0C91BC942}") = "3.5", "3.5.vcxproj", "{012C670F-FCBE-4D8B-A56B-A409219CEEB7}"
EndProject
Global
	GlobalSection(SolutionConfigurationPlatforms) = preSolution
		Debug|x64 = Debug|x64
		Debug|x86 = Debug|x86
		Release|x64 = Release|x64
		Release|x86 = Release|x86
	EndGlobalSection
	GlobalSection(ProjectConfigurationPlatforms) = postSolution
		{012C670F-FCBE-4D8B-A56B-A409219CEEB7}.Debug|x64.ActiveCfg = Debug|x64
		{012C670F-FCBE-4D8B-A56B-A409219CEEB7}.Debug|x64.Build.0 = Debug|x64
		{012C670F-FCBE-4D8B-A56B-A409219CEEB7}.Debug|x86.ActiveCfg = Debug|Win32
		{012C670F-FCBE-4D8B-A56B-A409219CEEB7}.Debug|x86.Build.0 = Debug|Win32
		{012C670F-FCBE-4D8B-A56B-A409219CEEB7}.Release|x64.ActiveCfg = Release|x64
		{012C670F-FCBE-4D8B-A56B-A409219CEEB7}.Release|x64.Build.0 = Release|x64
		{012C670F-FCBE-4D8B-A56B-A409219CEEB7}.Release|x86.ActiveCfg = Release|Win32
		{012C670F-FCBE-4D8B-A56B-A409219CEEB7}.Release|x86.Build.0 = Release|Win32
	EndGlobalSection
	GlobalSection(SolutionProperties) = preSolution
		HideSolutionNode = FALSE
	EndGlobalSection
	GlobalSection(ExtensibilityGlobals) = postSolution
		SolutionGuid = {9901D0F0-FCF0-4CB4-A69C-084C0F428456}
	EndGlobalSection
EndGlobal
